
Microsoft Visual Studio Solution File, Format Version 12.00
# Visual Studio 14
VisualStudioVersion = 14.0.25123.0
MinimumVisualStudioVersion = 10.0.40219.1
Project("{FAE04EC0-301F-11D3-BF4B-00C04F79EFBC}") = "Training.BusinessApp", "Training.BusinessApp\Training.BusinessApp.csproj", "{4AD66BD7-416D-46AE-8965-31DC9BFFCAC1}"
EndProject
Project("{FAE04EC0-301F-11D3-BF4B-00C04F79EFBC}") = "Training.BusinessApp.Tests", "Training.BusinessApp.Tests\Training.BusinessApp.Tests.csproj", "{D430E28A-2F12-4509-A778-2EF801F45F73}"
EndProject
Project("{FAE04EC0-301F-11D3-BF4B-00C04F79EFBC}") = "Training.Service", "Training.Service\Training.Service.csproj", "{553EB393-E9C1-4582-80A6-B2B3280DD7A5}"
EndProject
Project("{FAE04EC0-301F-11D3-BF4B-00C04F79EFBC}") = "Training.DataAccess", "Training.DataAccess\Training.DataAccess.csproj", "{1C5EB7A6-901A-4CB3-A854-1E1C1C64BA4F}"
EndProject
Project("{FAE04EC0-301F-11D3-BF4B-00C04F79EFBC}") = "Training.Service.Tests", "Training.Service.Tests\Training.Service.Tests.csproj", "{6349503B-A8BD-4852-A213-B23D8DF51245}"
EndProject
Project("{FAE04EC0-301F-11D3-BF4B-00C04F79EFBC}") = "Training.Repository", "Training.Repository\Training.Repository.csproj", "{AD2701A8-8E2D-45B4-80AF-69A2255E7D9E}"
EndProject
Project("{FAE04EC0-301F-11D3-BF4B-00C04F79EFBC}") = "Training.Repository.Tests", "Training.Repository.Tests\Training.Repository.Tests.csproj", "{23B789D1-47C7-4410-9CB0-C009EC227973}"
EndProject
Project("{FAE04EC0-301F-11D3-BF4B-00C04F79EFBC}") = "Training.Service.FakeAssembly.Tests", "Training.Service.Fake.Tests\Training.Service.Fake.Tests.csproj", "{253CC06A-AF03-4A12-B510-1CEEF6BEE74C}"
EndProject
Project("{2150E333-8FDC-42A3-9474-1A3956D46DE8}") = "Tests", "Tests", "{367EB8A8-0661-4817-A56C-CEAF8870B793}"
EndProject
Project("{FAE04EC0-301F-11D3-BF4B-00C04F79EFBC}") = "Training.Service.Integration.Tests", "Training.Service.Integration.Tests\Training.Service.Integration.Tests.csproj", "{42353396-DBFE-4B04-89E8-EA2894FEDC73}"
EndProject
Global
	GlobalSection(SolutionConfigurationPlatforms) = preSolution
		Debug|Any CPU = Debug|Any CPU
		Release|Any CPU = Release|Any CPU
	EndGlobalSection
	GlobalSection(ProjectConfigurationPlatforms) = postSolution
		{4AD66BD7-416D-46AE-8965-31DC9BFFCAC1}.Debug|Any CPU.ActiveCfg = Debug|Any CPU
		{4AD66BD7-416D-46AE-8965-31DC9BFFCAC1}.Debug|Any CPU.Build.0 = Debug|Any CPU
		{4AD66BD7-416D-46AE-8965-31DC9BFFCAC1}.Release|Any CPU.ActiveCfg = Release|Any CPU
		{4AD66BD7-416D-46AE-8965-31DC9BFFCAC1}.Release|Any CPU.Build.0 = Release|Any CPU
		{D430E28A-2F12-4509-A778-2EF801F45F73}.Debug|Any CPU.ActiveCfg = Debug|Any CPU
		{D430E28A-2F12-4509-A778-2EF801F45F73}.Debug|Any CPU.Build.0 = Debug|Any CPU
		{D430E28A-2F12-4509-A778-2EF801F45F73}.Release|Any CPU.ActiveCfg = Release|Any CPU
		{D430E28A-2F12-4509-A778-2EF801F45F73}.Release|Any CPU.Build.0 = Release|Any CPU
		{553EB393-E9C1-4582-80A6-B2B3280DD7A5}.Debug|Any CPU.ActiveCfg = Debug|Any CPU
		{553EB393-E9C1-4582-80A6-B2B3280DD7A5}.Debug|Any CPU.Build.0 = Debug|Any CPU
		{553EB393-E9C1-4582-80A6-B2B3280DD7A5}.Release|Any CPU.ActiveCfg = Release|Any CPU
		{553EB393-E9C1-4582-80A6-B2B3280DD7A5}.Release|Any CPU.Build.0 = Release|Any CPU
		{1C5EB7A6-901A-4CB3-A854-1E1C1C64BA4F}.Debug|Any CPU.ActiveCfg = Debug|Any CPU
		{1C5EB7A6-901A-4CB3-A854-1E1C1C64BA4F}.Debug|Any CPU.Build.0 = Debug|Any CPU
		{1C5EB7A6-901A-4CB3-A854-1E1C1C64BA4F}.Release|Any CPU.ActiveCfg = Release|Any CPU
		{1C5EB7A6-901A-4CB3-A854-1E1C1C64BA4F}.Release|Any CPU.Build.0 = Release|Any CPU
		{6349503B-A8BD-4852-A213-B23D8DF51245}.Debug|Any CPU.ActiveCfg = Debug|Any CPU
		{6349503B-A8BD-4852-A213-B23D8DF51245}.Debug|Any CPU.Build.0 = Debug|Any CPU
		{6349503B-A8BD-4852-A213-B23D8DF51245}.Release|Any CPU.ActiveCfg = Release|Any CPU
		{6349503B-A8BD-4852-A213-B23D8DF51245}.Release|Any CPU.Build.0 = Release|Any CPU
		{AD2701A8-8E2D-45B4-80AF-69A2255E7D9E}.Debug|Any CPU.ActiveCfg = Debug|Any CPU
		{AD2701A8-8E2D-45B4-80AF-69A2255E7D9E}.Debug|Any CPU.Build.0 = Debug|Any CPU
		{AD2701A8-8E2D-45B4-80AF-69A2255E7D9E}.Release|Any CPU.ActiveCfg = Release|Any CPU
		{AD2701A8-8E2D-45B4-80AF-69A2255E7D9E}.Release|Any CPU.Build.0 = Release|Any CPU
		{23B789D1-47C7-4410-9CB0-C009EC227973}.Debug|Any CPU.ActiveCfg = Debug|Any CPU
		{23B789D1-47C7-4410-9CB0-C009EC227973}.Debug|Any CPU.Build.0 = Debug|Any CPU
		{23B789D1-47C7-4410-9CB0-C009EC227973}.Release|Any CPU.ActiveCfg = Release|Any CPU
		{23B789D1-47C7-4410-9CB0-C009EC227973}.Release|Any CPU.Build.0 = Release|Any CPU
		{253CC06A-AF03-4A12-B510-1CEEF6BEE74C}.Debug|Any CPU.ActiveCfg = Debug|Any CPU
		{253CC06A-AF03-4A12-B510-1CEEF6BEE74C}.Debug|Any CPU.Build.0 = Debug|Any CPU
		{253CC06A-AF03-4A12-B510-1CEEF6BEE74C}.Release|Any CPU.ActiveCfg = Release|Any CPU
		{253CC06A-AF03-4A12-B510-1CEEF6BEE74C}.Release|Any CPU.Build.0 = Release|Any CPU
		{42353396-DBFE-4B04-89E8-EA2894FEDC73}.Debug|Any CPU.ActiveCfg = Debug|Any CPU
		{42353396-DBFE-4B04-89E8-EA2894FEDC73}.Debug|Any CPU.Build.0 = Debug|Any CPU
		{42353396-DBFE-4B04-89E8-EA2894FEDC73}.Release|Any CPU.ActiveCfg = Release|Any CPU
		{42353396-DBFE-4B04-89E8-EA2894FEDC73}.Release|Any CPU.Build.0 = Release|Any CPU
	EndGlobalSection
	GlobalSection(SolutionProperties) = preSolution
		HideSolutionNode = FALSE
	EndGlobalSection
	GlobalSection(NestedProjects) = preSolution
		{D430E28A-2F12-4509-A778-2EF801F45F73} = {367EB8A8-0661-4817-A56C-CEAF8870B793}
		{6349503B-A8BD-4852-A213-B23D8DF51245} = {367EB8A8-0661-4817-A56C-CEAF8870B793}
		{23B789D1-47C7-4410-9CB0-C009EC227973} = {367EB8A8-0661-4817-A56C-CEAF8870B793}
		{253CC06A-AF03-4A12-B510-1CEEF6BEE74C} = {367EB8A8-0661-4817-A56C-CEAF8870B793}
		{42353396-DBFE-4B04-89E8-EA2894FEDC73} = {367EB8A8-0661-4817-A56C-CEAF8870B793}
	EndGlobalSection
EndGlobal
